
Microsoft Visual Studio Solution File, Format Version 12.00
# Visual Studio Version 16
VisualStudioVersion = 16.6.30114.105
MinimumVisualStudioVersion = 10.0.40219.1
Project("{FAE04EC0-301F-11D3-BF4B-00C04F79EFBC}") = "Api", "Api\Api.csproj", "{A7FDDF58-526C-4B6F-9E3E-BE8AA3225E8D}"
EndProject
Project("{FAE04EC0-301F-11D3-BF4B-00C04F79EFBC}") = "DataAccess", "DataAccess\DataAccess.csproj", "{86892B4B-7845-4563-9A06-52C78BC34D3C}"
EndProject
Project("{FAE04EC0-301F-11D3-BF4B-00C04F79EFBC}") = "DataServices", "DataServices\DataServices.csproj", "{7FCECD78-D283-45A1-89B6-B7CE7A6B8184}"
EndProject
Project("{FAE04EC0-301F-11D3-BF4B-00C04F79EFBC}") = "Models", "Models\Models.csproj", "{8775E727-7E39-459C-984C-1EE182816F16}"
EndProject
Global
	GlobalSection(SolutionConfigurationPlatforms) = preSolution
		Debug|Any CPU = Debug|Any CPU
		Debug|x64 = Debug|x64
		Debug|x86 = Debug|x86
		Release|Any CPU = Release|Any CPU
		Release|x64 = Release|x64
		Release|x86 = Release|x86
	EndGlobalSection
	GlobalSection(SolutionProperties) = preSolution
		HideSolutionNode = FALSE
	EndGlobalSection
	GlobalSection(ProjectConfigurationPlatforms) = postSolution
		{A7FDDF58-526C-4B6F-9E3E-BE8AA3225E8D}.Debug|Any CPU.ActiveCfg = Debug|Any CPU
		{A7FDDF58-526C-4B6F-9E3E-BE8AA3225E8D}.Debug|Any CPU.Build.0 = Debug|Any CPU
		{A7FDDF58-526C-4B6F-9E3E-BE8AA3225E8D}.Debug|x64.ActiveCfg = Debug|Any CPU
		{A7FDDF58-526C-4B6F-9E3E-BE8AA3225E8D}.Debug|x64.Build.0 = Debug|Any CPU
		{A7FDDF58-526C-4B6F-9E3E-BE8AA3225E8D}.Debug|x86.ActiveCfg = Debug|Any CPU
		{A7FDDF58-526C-4B6F-9E3E-BE8AA3225E8D}.Debug|x86.Build.0 = Debug|Any CPU
		{A7FDDF58-526C-4B6F-9E3E-BE8AA3225E8D}.Release|Any CPU.ActiveCfg = Release|Any CPU
		{A7FDDF58-526C-4B6F-9E3E-BE8AA3225E8D}.Release|Any CPU.Build.0 = Release|Any CPU
		{A7FDDF58-526C-4B6F-9E3E-BE8AA3225E8D}.Release|x64.ActiveCfg = Release|Any CPU
		{A7FDDF58-526C-4B6F-9E3E-BE8AA3225E8D}.Release|x64.Build.0 = Release|Any CPU
		{A7FDDF58-526C-4B6F-9E3E-BE8AA3225E8D}.Release|x86.ActiveCfg = Release|Any CPU
		{A7FDDF58-526C-4B6F-9E3E-BE8AA3225E8D}.Release|x86.Build.0 = Release|Any CPU
		{86892B4B-7845-4563-9A06-52C78BC34D3C}.Debug|Any CPU.ActiveCfg = Debug|Any CPU
		{86892B4B-7845-4563-9A06-52C78BC34D3C}.Debug|Any CPU.Build.0 = Debug|Any CPU
		{86892B4B-7845-4563-9A06-52C78BC34D3C}.Debug|x64.ActiveCfg = Debug|Any CPU
		{86892B4B-7845-4563-9A06-52C78BC34D3C}.Debug|x64.Build.0 = Debug|Any CPU
		{86892B4B-7845-4563-9A06-52C78BC34D3C}.Debug|x86.ActiveCfg = Debug|Any CPU
		{86892B4B-7845-4563-9A06-52C78BC34D3C}.Debug|x86.Build.0 = Debug|Any CPU
		{86892B4B-7845-4563-9A06-52C78BC34D3C}.Release|Any CPU.ActiveCfg = Release|Any CPU
		{86892B4B-7845-4563-9A06-52C78BC34D3C}.Release|Any CPU.Build.0 = Release|Any CPU
		{86892B4B-7845-4563-9A06-52C78BC34D3C}.Release|x64.ActiveCfg = Release|Any CPU
		{86892B4B-7845-4563-9A06-52C78BC34D3C}.Release|x64.Build.0 = Release|Any CPU
		{86892B4B-7845-4563-9A06-52C78BC34D3C}.Release|x86.ActiveCfg = Release|Any CPU
		{86892B4B-7845-4563-9A06-52C78BC34D3C}.Release|x86.Build.0 = Release|Any CPU
		{7FCECD78-D283-45A1-89B6-B7CE7A6B8184}.Debug|Any CPU.ActiveCfg = Debug|Any CPU
		{7FCECD78-D283-45A1-89B6-B7CE7A6B8184}.Debug|Any CPU.Build.0 = Debug|Any CPU
		{7FCECD78-D283-45A1-89B6-B7CE7A6B8184}.Debug|x64.ActiveCfg = Debug|Any CPU
		{7FCECD78-D283-45A1-89B6-B7CE7A6B8184}.Debug|x64.Build.0 = Debug|Any CPU
		{7FCECD78-D283-45A1-89B6-B7CE7A6B8184}.Debug|x86.ActiveCfg = Debug|Any CPU
		{7FCECD78-D283-45A1-89B6-B7CE7A6B8184}.Debug|x86.Build.0 = Debug|Any CPU
		{7FCECD78-D283-45A1-89B6-B7CE7A6B8184}.Release|Any CPU.ActiveCfg = Release|Any CPU
		{7FCECD78-D283-45A1-89B6-B7CE7A6B8184}.Release|Any CPU.Build.0 = Release|Any CPU
		{7FCECD78-D283-45A1-89B6-B7CE7A6B8184}.Release|x64.ActiveCfg = Release|Any CPU
		{7FCECD78-D283-45A1-89B6-B7CE7A6B8184}.Release|x64.Build.0 = Release|Any CPU
		{7FCECD78-D283-45A1-89B6-B7CE7A6B8184}.Release|x86.ActiveCfg = Release|Any CPU
		{7FCECD78-D283-45A1-89B6-B7CE7A6B8184}.Release|x86.Build.0 = Release|Any CPU
		{8775E727-7E39-459C-984C-1EE182816F16}.Debug|Any CPU.ActiveCfg = Debug|Any CPU
		{8775E727-7E39-459C-984C-1EE182816F16}.Debug|Any CPU.Build.0 = Debug|Any CPU
		{8775E727-7E39-459C-984C-1EE182816F16}.Debug|x64.ActiveCfg = Debug|Any CPU
		{8775E727-7E39-459C-984C-1EE182816F16}.Debug|x64.Build.0 = Debug|Any CPU
		{8775E727-7E39-459C-984C-1EE182816F16}.Debug|x86.ActiveCfg = Debug|Any CPU
		{8775E727-7E39-459C-984C-1EE182816F16}.Debug|x86.Build.0 = Debug|Any CPU
		{8775E727-7E39-459C-984C-1EE182816F16}.Release|Any CPU.ActiveCfg = Release|Any CPU
		{8775E727-7E39-459C-984C-1EE182816F16}.Release|Any CPU.Build.0 = Release|Any CPU
		{8775E727-7E39-459C-984C-1EE182816F16}.Release|x64.ActiveCfg = Release|Any CPU
		{8775E727-7E39-459C-984C-1EE182816F16}.Release|x64.Build.0 = Release|Any CPU
		{8775E727-7E39-459C-984C-1EE182816F16}.Release|x86.ActiveCfg = Release|Any CPU
		{8775E727-7E39-459C-984C-1EE182816F16}.Release|x86.Build.0 = Release|Any CPU
	EndGlobalSection
EndGlobal
